<?xml version="1.0" encoding="utf-8"?>
<Project ToolsVersion="4.0" xmlns="http://schemas.microsoft.com/developer/msbuild/2003">
  <ItemGroup>
    <Filter Include="VPC Scripts">
      <UniqueIdentifier>{5645912c-db9d-4ad4-9e0e-e6135b54caad}</UniqueIdentifier>
    </Filter>
    <Filter Include="Source Files">
      <UniqueIdentifier>{efba57cb-15cd-4334-a6cb-58b8be155006}</UniqueIdentifier>
    </Filter>
    <Filter Include="External Header Files">
      <UniqueIdentifier>{8a9432cd-52be-46a7-b655-141c547375e0}</UniqueIdentifier>
    </Filter>
    <Filter Include="Header Files">
      <UniqueIdentifier>{75095ff4-12bb-46a8-af82-4beedc323eeb}</UniqueIdentifier>
    </Filter>
    <Filter Include="Source Files\BaseShader">
      <UniqueIdentifier>{a8494009-ea26-4e46-86d8-63aa6d5a298d}</UniqueIdentifier>
    </Filter>
    <Filter Include="Source Files\BaseVSShader">
      <UniqueIdentifier>{4f251d95-f998-4a61-a352-67b916eba394}</UniqueIdentifier>
    </Filter>
    <Filter Include="Source Files\Shaders %28C++%29">
      <UniqueIdentifier>{9b33c2d7-68a8-43c6-9151-55448ab3f24a}</UniqueIdentifier>
    </Filter>
    <Filter Include="Source Files\Shaders %28C++%29\Renderpasses">
      <UniqueIdentifier>{fdf6d0fa-8d17-486e-95e9-f40a4702fb39}</UniqueIdentifier>
    </Filter>
  </ItemGroup>
  <ItemGroup>
    <None Include="shaderlib.vpc">
      <Filter>VPC Scripts</Filter>
    </None>
    <None Include="..\..\vpc_scripts\source_lib_base.vpc">
      <Filter>VPC Scripts</Filter>
    </None>
    <None Include="..\..\vpc_scripts\source_lib_win32_base.vpc">
      <Filter>VPC Scripts</Filter>
    </None>
    <None Include="..\..\vpc_scripts\source_lib_win32_debug.vpc">
      <Filter>VPC Scripts</Filter>
    </None>
    <None Include="..\..\vpc_scripts\source_lib_win32_release.vpc">
      <Filter>VPC Scripts</Filter>
    </None>
    <None Include="..\..\vpc_scripts\version.vpc">
      <Filter>VPC Scripts</Filter>
    </None>
  </ItemGroup>
  <ItemGroup>
    <ClCompile Include="Plugin.cpp">
      <Filter>Source Files</Filter>
    </ClCompile>
    <ClCompile Include="..\stdshaders\pbr_dx9.cpp">
      <Filter>Source Files\Shaders %28C++%29</Filter>
    </ClCompile>
    <ClCompile Include="BaseShader.cpp">
      <Filter>Source Files\BaseShader</Filter>
    </ClCompile>
    <ClCompile Include="ProxyShaderAPI.cpp">
      <Filter>Source Files\BaseShader</Filter>
    </ClCompile>
    <ClCompile Include="ProxyShaderShadow.cpp">
      <Filter>Source Files\BaseShader</Filter>
    </ClCompile>
    <ClCompile Include="ShaderDLL.cpp">
      <Filter>Source Files\BaseShader</Filter>
    </ClCompile>
    <ClCompile Include="shaderlib_cvar.cpp">
      <Filter>Source Files\BaseShader</Filter>
    </ClCompile>
    <ClCompile Include="ShaderSpew.cpp">
      <Filter>Source Files\BaseShader</Filter>
    </ClCompile>
    <ClCompile Include="VCSHotReload.cpp">
      <Filter>Source Files\BaseShader</Filter>
    </ClCompile>
    <ClCompile Include="..\stdshaders\BaseVSShader.cpp">
      <Filter>Source Files\BaseVSShader</Filter>
    </ClCompile>
    <ClCompile Include="..\stdshaders\cpp_convars.cpp">
      <Filter>Source Files\BaseVSShader</Filter>
    </ClCompile>
    <ClCompile Include="..\stdshaders\cpp_floatx.cpp">
      <Filter>Source Files\BaseVSShader</Filter>
    </ClCompile>
    <ClCompile Include="..\stdshaders\shadersource\renderpasses\Cloak.cpp">
      <Filter>Source Files\Shaders %28C++%29\Renderpasses</Filter>
    </ClCompile>
    <ClCompile Include="..\stdshaders\shadersource\renderpasses\EmissiveBlend.cpp">
      <Filter>Source Files\Shaders %28C++%29\Renderpasses</Filter>
    </ClCompile>
    <ClCompile Include="..\stdshaders\shadersource\renderpasses\FleshInterior.cpp">
      <Filter>Source Files\Shaders %28C++%29\Renderpasses</Filter>
    </ClCompile>
    <ClCompile Include="..\stdshaders\shadersource\renderpasses\MeshOutline.cpp">
      <Filter>Source Files\Shaders %28C++%29\Renderpasses</Filter>
    </ClCompile>
    <ClCompile Include="..\stdshaders\shadersource\renderpasses\RimLightPass.cpp">
      <Filter>Source Files\Shaders %28C++%29\Renderpasses</Filter>
    </ClCompile>
    <ClCompile Include="..\stdshaders\shadersource\renderpasses\SheenPass.cpp">
      <Filter>Source Files\Shaders %28C++%29\Renderpasses</Filter>
    </ClCompile>
    <ClCompile Include="..\stdshaders\shadersource\renderpasses\SSAODrawNormalPass.cpp">
      <Filter>Source Files\Shaders %28C++%29\Renderpasses</Filter>
    </ClCompile>
    <ClCompile Include="ProceduralTextures.cpp">
      <Filter>Source Files\BaseShader</Filter>
    </ClCompile>
  </ItemGroup>
  <ItemGroup>
    <ClInclude Include="..\..\public\tier0\basetypes.h">
      <Filter>External Header Files</Filter>
    </ClInclude>
    <ClInclude Include="..\..\public\commonmacros.h">
      <Filter>External Header Files</Filter>
    </ClInclude>
    <ClInclude Include="..\..\public\tier0\dbg.h">
      <Filter>External Header Files</Filter>
    </ClInclude>
    <ClInclude Include="..\..\public\tier0\fasttimer.h">
      <Filter>External Header Files</Filter>
    </ClInclude>
    <ClInclude Include="..\..\public\appframework\IAppSystem.h">
      <Filter>External Header Files</Filter>
    </ClInclude>
    <ClInclude Include="..\..\public\tier0\icommandline.h">
      <Filter>External Header Files</Filter>
    </ClInclude>
    <ClInclude Include="..\..\public\icvar.h">
      <Filter>External Header Files</Filter>
    </ClInclude>
    <ClInclude Include="..\..\public\ImageLoader.h">
      <Filter>External Header Files</Filter>
    </ClInclude>
    <ClInclude Include="..\..\public\materialsystem\imaterial.h">
      <Filter>External Header Files</Filter>
    </ClInclude>
    <ClInclude Include="..\..\public\materialsystem\imaterialsystem.h">
      <Filter>External Header Files</Filter>
    </ClInclude>
    <ClInclude Include="..\..\public\materialsystem\imaterialsystemhardwareconfig.h">
      <Filter>External Header Files</Filter>
    </ClInclude>
    <ClInclude Include="..\..\public\materialsystem\imaterialvar.h">
      <Filter>External Header Files</Filter>
    </ClInclude>
    <ClInclude Include="..\..\public\materialsystem\imesh.h">
      <Filter>External Header Files</Filter>
    </ClInclude>
    <ClInclude Include="..\..\public\materialsystem\IShader.h">
      <Filter>External Header Files</Filter>
    </ClInclude>
    <ClInclude Include="..\..\public\materialsystem\ishaderapi.h">
      <Filter>External Header Files</Filter>
    </ClInclude>
    <ClInclude Include="..\IShaderSystem.h">
      <Filter>External Header Files</Filter>
    </ClInclude>
    <ClInclude Include="..\..\public\materialsystem\itexture.h">
      <Filter>External Header Files</Filter>
    </ClInclude>
    <ClInclude Include="..\..\public\materialsystem\materialsystem_config.h">
      <Filter>External Header Files</Filter>
    </ClInclude>
    <ClInclude Include="..\..\public\MATHLIB.H">
      <Filter>External Header Files</Filter>
    </ClInclude>
    <ClInclude Include="..\..\public\tier0\memdbgoff.h">
      <Filter>External Header Files</Filter>
    </ClInclude>
    <ClInclude Include="..\..\public\tier0\memdbgon.h">
      <Filter>External Header Files</Filter>
    </ClInclude>
    <ClInclude Include="..\..\public\tier0\platform.h">
      <Filter>External Header Files</Filter>
    </ClInclude>
    <ClInclude Include="..\..\public\protected_things.h">
      <Filter>External Header Files</Filter>
    </ClInclude>
    <ClInclude Include="..\..\public\string_t.h">
      <Filter>External Header Files</Filter>
    </ClInclude>
    <ClInclude Include="..\..\public\tier1\strtools.h">
      <Filter>External Header Files</Filter>
    </ClInclude>
    <ClInclude Include="..\..\public\tier1\utlmemory.h">
      <Filter>External Header Files</Filter>
    </ClInclude>
    <ClInclude Include="..\..\public\tier1\utlvector.h">
      <Filter>External Header Files</Filter>
    </ClInclude>
    <ClInclude Include="..\..\public\vector.h">
      <Filter>External Header Files</Filter>
    </ClInclude>
    <ClInclude Include="..\..\public\vector2d.h">
      <Filter>External Header Files</Filter>
    </ClInclude>
    <ClInclude Include="..\..\public\vector4d.h">
      <Filter>External Header Files</Filter>
    </ClInclude>
    <ClInclude Include="..\..\public\vmatrix.h">
      <Filter>External Header Files</Filter>
    </ClInclude>
    <ClInclude Include="..\..\public\vplane.h">
      <Filter>External Header Files</Filter>
    </ClInclude>
    <ClInclude Include="..\..\public\vstdlib\vstdlib.h">
      <Filter>External Header Files</Filter>
    </ClInclude>
    <ClInclude Include="BaseShader.h">
      <Filter>Header Files</Filter>
    </ClInclude>
    <ClInclude Include="cshader.h">
      <Filter>Header Files</Filter>
    </ClInclude>
    <ClInclude Include="ishadersystem.h">
      <Filter>Header Files</Filter>
    </ClInclude>
    <ClInclude Include="ProxyShaderAPI.h">
      <Filter>Header Files</Filter>
    </ClInclude>
    <ClInclude Include="ProxyShaderShadow.h">
      <Filter>Header Files</Filter>
    </ClInclude>
    <ClInclude Include="ShaderDLL.h">
      <Filter>Header Files</Filter>
    </ClInclude>
    <ClInclude Include="shaderDLL_Global.h">
      <Filter>Header Files</Filter>
    </ClInclude>
    <ClInclude Include="shaderlib_cvar.h">
      <Filter>Header Files</Filter>
    </ClInclude>
    <ClInclude Include="ShaderSpew.h">
      <Filter>Header Files</Filter>
    </ClInclude>
    <ClInclude Include="VCSHotReload.h">
      <Filter>Header Files</Filter>
    </ClInclude>
    <ClInclude Include="..\stdshaders\BaseVSShader.h">
      <Filter>Header Files</Filter>
    </ClInclude>
    <ClInclude Include="..\stdshaders\cpp_convars.h">
      <Filter>Header Files</Filter>
    </ClInclude>
    <ClInclude Include="..\stdshaders\cpp_floatx.h">
      <Filter>Header Files</Filter>
    </ClInclude>
    <ClInclude Include="..\stdshaders\cpp_lux_commandbuilder.h">
      <Filter>Header Files</Filter>
    </ClInclude>
    <ClInclude Include="..\stdshaders\cpp_lux_shared.h">
      <Filter>Header Files</Filter>
    </ClInclude>
    <ClInclude Include="..\stdshaders\shadersource\renderpasses\Cloak.h">
      <Filter>Header Files</Filter>
    </ClInclude>
    <ClInclude Include="..\stdshaders\shadersource\renderpasses\EmissiveBlend.h">
      <Filter>Header Files</Filter>
    </ClInclude>
    <ClInclude Include="..\stdshaders\shadersource\renderpasses\FleshInterior.h">
      <Filter>Header Files</Filter>
    </ClInclude>
    <ClInclude Include="..\stdshaders\shadersource\renderpasses\MeshOutline.h">
      <Filter>Header Files</Filter>
    </ClInclude>
    <ClInclude Include="..\stdshaders\shadersource\renderpasses\RimLightPass.h">
      <Filter>Header Files</Filter>
    </ClInclude>
    <ClInclude Include="..\stdshaders\shadersource\renderpasses\SheenPass.h">
      <Filter>Header Files</Filter>
    </ClInclude>
    <ClInclude Include="..\stdshaders\shadersource\renderpasses\SSAODrawNormalPass.h">
      <Filter>Header Files</Filter>
    </ClInclude>
    <ClInclude Include="ProceduralTextures.h">
      <Filter>Header Files</Filter>
    </ClInclude>
  </ItemGroup>
</Project>